// !$*UTF8*$!
{
	archiveVersion = 1;
	classes = {
	};
	objectVersion = 50;
	objects = {

/* Begin PBXBuildFile section */
		2327CB5A309B45575486D6E9 /* Pods_NBLCommonModule.framework in Frameworks */ = {isa = PBXBuildFile; fileRef = 154B11BDF6A48292B7F7F74F /* Pods_NBLCommonModule.framework */; };
		737F8C4D2146539100DD522A /* NBLCommonModule.framework in Frameworks */ = {isa = PBXBuildFile; fileRef = 737F8C432146539100DD522A /* NBLCommonModule.framework */; };
		737F8C522146539100DD522A /* NBLCommonModuleTests.swift in Sources */ = {isa = PBXBuildFile; fileRef = 737F8C512146539100DD522A /* NBLCommonModuleTests.swift */; };
		737F8C542146539100DD522A /* NBLCommonModule.h in Headers */ = {isa = PBXBuildFile; fileRef = 737F8C462146539100DD522A /* NBLCommonModule.h */; settings = {ATTRIBUTES = (Public, ); }; };
		737F8C6C2146549100DD522A /* test.swift in Sources */ = {isa = PBXBuildFile; fileRef = 737F8C6B2146549100DD522A /* test.swift */; };
		7C9A9A7715FF9CFD4E111927 /* Pods_NBLCommonModuleTests.framework in Frameworks */ = {isa = PBXBuildFile; fileRef = BD7DCF126D8B32729FEC1C34 /* Pods_NBLCommonModuleTests.framework */; };
/* End PBXBuildFile section */

/* Begin PBXContainerItemProxy section */
		737F8C4E2146539100DD522A /* PBXContainerItemProxy */ = {
			isa = PBXContainerItemProxy;
			containerPortal = 737F8C3A2146539100DD522A /* Project object */;
			proxyType = 1;
			remoteGlobalIDString = 737F8C422146539100DD522A;
			remoteInfo = NBLCommonModule;
		};
/* End PBXContainerItemProxy section */

/* Begin PBXFileReference section */
		1520A88478688FF7D17695D4 /* Pods-NBLCommonModuleTests.debug.xcconfig */ = {isa = PBXFileReference; includeInIndex = 1; lastKnownFileType = text.xcconfig; name = "Pods-NBLCommonModuleTests.debug.xcconfig"; path = "Pods/Target Support Files/Pods-NBLCommonModuleTests/Pods-NBLCommonModuleTests.debug.xcconfig"; sourceTree = "<group>"; };
		154B11BDF6A48292B7F7F74F /* Pods_NBLCommonModule.framework */ = {isa = PBXFileReference; explicitFileType = wrapper.framework; includeInIndex = 0; path = Pods_NBLCommonModule.framework; sourceTree = BUILT_PRODUCTS_DIR; };
		5320D04DE642E38951FCB778 /* Pods-NBLCommonModule.release.xcconfig */ = {isa = PBXFileReference; includeInIndex = 1; lastKnownFileType = text.xcconfig; name = "Pods-NBLCommonModule.release.xcconfig"; path = "Pods/Target Support Files/Pods-NBLCommonModule/Pods-NBLCommonModule.release.xcconfig"; sourceTree = "<group>"; };
		72A12AE4994973E95B7DAD9F /* Pods-NBLCommonModuleTests.release.xcconfig */ = {isa = PBXFileReference; includeInIndex = 1; lastKnownFileType = text.xcconfig; name = "Pods-NBLCommonModuleTests.release.xcconfig"; path = "Pods/Target Support Files/Pods-NBLCommonModuleTests/Pods-NBLCommonModuleTests.release.xcconfig"; sourceTree = "<group>"; };
		737F8C432146539100DD522A /* NBLCommonModule.framework */ = {isa = PBXFileReference; explicitFileType = wrapper.framework; includeInIndex = 0; path = NBLCommonModule.framework; sourceTree = BUILT_PRODUCTS_DIR; };
		737F8C462146539100DD522A /* NBLCommonModule.h */ = {isa = PBXFileReference; lastKnownFileType = sourcecode.c.h; path = NBLCommonModule.h; sourceTree = "<group>"; };
		737F8C472146539100DD522A /* Info.plist */ = {isa = PBXFileReference; lastKnownFileType = text.plist.xml; path = Info.plist; sourceTree = "<group>"; };
		737F8C4C2146539100DD522A /* NBLCommonModuleTests.xctest */ = {isa = PBXFileReference; explicitFileType = wrapper.cfbundle; includeInIndex = 0; path = NBLCommonModuleTests.xctest; sourceTree = BUILT_PRODUCTS_DIR; };
		737F8C512146539100DD522A /* NBLCommonModuleTests.swift */ = {isa = PBXFileReference; lastKnownFileType = sourcecode.swift; path = NBLCommonModuleTests.swift; sourceTree = "<group>"; };
		737F8C532146539100DD522A /* Info.plist */ = {isa = PBXFileReference; lastKnownFileType = text.plist.xml; path = Info.plist; sourceTree = "<group>"; };
		737F8C6B2146549100DD522A /* test.swift */ = {isa = PBXFileReference; lastKnownFileType = sourcecode.swift; path = test.swift; sourceTree = "<group>"; };
		BD7DCF126D8B32729FEC1C34 /* Pods_NBLCommonModuleTests.framework */ = {isa = PBXFileReference; explicitFileType = wrapper.framework; includeInIndex = 0; path = Pods_NBLCommonModuleTests.framework; sourceTree = BUILT_PRODUCTS_DIR; };
		E017F79AB427E5C36E922DFF /* Pods-NBLCommonModule.debug.xcconfig */ = {isa = PBXFileReference; includeInIndex = 1; lastKnownFileType = text.xcconfig; name = "Pods-NBLCommonModule.debug.xcconfig"; path = "Pods/Target Support Files/Pods-NBLCommonModule/Pods-NBLCommonModule.debug.xcconfig"; sourceTree = "<group>"; };
/* End PBXFileReference section */

/* Begin PBXFrameworksBuildPhase section */
		737F8C3F2146539100DD522A /* Frameworks */ = {
			isa = PBXFrameworksBuildPhase;
			buildActionMask = 2147483647;
			files = (
				2327CB5A309B45575486D6E9 /* Pods_NBLCommonModule.framework in Frameworks */,
			);
			runOnlyForDeploymentPostprocessing = 0;
		};
		737F8C492146539100DD522A /* Frameworks */ = {
			isa = PBXFrameworksBuildPhase;
			buildActionMask = 2147483647;
			files = (
				737F8C4D2146539100DD522A /* NBLCommonModule.framework in Frameworks */,
				7C9A9A7715FF9CFD4E111927 /* Pods_NBLCommonModuleTests.framework in Frameworks */,
			);
			runOnlyForDeploymentPostprocessing = 0;
		};
/* End PBXFrameworksBuildPhase section */

/* Begin PBXGroup section */
		1B452631CE4BF424A662D968 /* Frameworks */ = {
			isa = PBXGroup;
			children = (
				154B11BDF6A48292B7F7F74F /* Pods_NBLCommonModule.framework */,
				BD7DCF126D8B32729FEC1C34 /* Pods_NBLCommonModuleTests.framework */,
			);
			name = Frameworks;
			sourceTree = "<group>";
		};
		737F8C392146539100DD522A = {
			isa = PBXGroup;
			children = (
				737F8C452146539100DD522A /* NBLCommonModule */,
				737F8C502146539100DD522A /* NBLCommonModuleTests */,
				737F8C442146539100DD522A /* Products */,
				75FFDFC30CE4FB3AFDDFF030 /* Pods */,
				1B452631CE4BF424A662D968 /* Frameworks */,
			);
			sourceTree = "<group>";
		};
		737F8C442146539100DD522A /* Products */ = {
			isa = PBXGroup;
			children = (
				737F8C432146539100DD522A /* NBLCommonModule.framework */,
				737F8C4C2146539100DD522A /* NBLCommonModuleTests.xctest */,
			);
			name = Products;
			sourceTree = "<group>";
		};
		737F8C452146539100DD522A /* NBLCommonModule */ = {
			isa = PBXGroup;
			children = (
				737F8C462146539100DD522A /* NBLCommonModule.h */,
				737F8C472146539100DD522A /* Info.plist */,
				737F8C6B2146549100DD522A /* test.swift */,
			);
			path = NBLCommonModule;
			sourceTree = "<group>";
		};
		737F8C502146539100DD522A /* NBLCommonModuleTests */ = {
			isa = PBXGroup;
			children = (
				737F8C512146539100DD522A /* NBLCommonModuleTests.swift */,
				737F8C532146539100DD522A /* Info.plist */,
			);
			path = NBLCommonModuleTests;
			sourceTree = "<group>";
		};
		75FFDFC30CE4FB3AFDDFF030 /* Pods */ = {
			isa = PBXGroup;
			children = (
				E017F79AB427E5C36E922DFF /* Pods-NBLCommonModule.debug.xcconfig */,
				5320D04DE642E38951FCB778 /* Pods-NBLCommonModule.release.xcconfig */,
				1520A88478688FF7D17695D4 /* Pods-NBLCommonModuleTests.debug.xcconfig */,
				72A12AE4994973E95B7DAD9F /* Pods-NBLCommonModuleTests.release.xcconfig */,
			);
			name = Pods;
			sourceTree = "<group>";
		};
/* End PBXGroup section */

/* Begin PBXHeadersBuildPhase section */
		737F8C402146539100DD522A /* Headers */ = {
			isa = PBXHeadersBuildPhase;
			buildActionMask = 2147483647;
			files = (
				737F8C542146539100DD522A /* NBLCommonModule.h in Headers */,
			);
			runOnlyForDeploymentPostprocessing = 0;
		};
/* End PBXHeadersBuildPhase section */

/* Begin PBXNativeTarget section */
		737F8C422146539100DD522A /* NBLCommonModule */ = {
			isa = PBXNativeTarget;
			buildConfigurationList = 737F8C572146539100DD522A /* Build configuration list for PBXNativeTarget "NBLCommonModule" */;
			buildPhases = (
				3A4617C82ED6E883E696F762 /* [CP] Check Pods Manifest.lock */,
				737F8C3E2146539100DD522A /* Sources */,
				737F8C3F2146539100DD522A /* Frameworks */,
				737F8C402146539100DD522A /* Headers */,
				737F8C412146539100DD522A /* Resources */,
			);
			buildRules = (
			);
			dependencies = (
			);
			name = NBLCommonModule;
			productName = NBLCommonModule;
			productReference = 737F8C432146539100DD522A /* NBLCommonModule.framework */;
			productType = "com.apple.product-type.framework";
		};
		737F8C4B2146539100DD522A /* NBLCommonModuleTests */ = {
			isa = PBXNativeTarget;
			buildConfigurationList = 737F8C5A2146539100DD522A /* Build configuration list for PBXNativeTarget "NBLCommonModuleTests" */;
			buildPhases = (
				EEF9389808B0ADB1350E9031 /* [CP] Check Pods Manifest.lock */,
				737F8C482146539100DD522A /* Sources */,
				737F8C492146539100DD522A /* Frameworks */,
				737F8C4A2146539100DD522A /* Resources */,
				7C225B4F83BA3A6F4A2C6F4F /* [CP] Embed Pods Frameworks */,
			);
			buildRules = (
			);
			dependencies = (
				737F8C4F2146539100DD522A /* PBXTargetDependency */,
			);
			name = NBLCommonModuleTests;
			productName = NBLCommonModuleTests;
			productReference = 737F8C4C2146539100DD522A /* NBLCommonModuleTests.xctest */;
			productType = "com.apple.product-type.bundle.unit-test";
		};
/* End PBXNativeTarget section */

/* Begin PBXProject section */
		737F8C3A2146539100DD522A /* Project object */ = {
			isa = PBXProject;
			attributes = {
				LastSwiftUpdateCheck = 0940;
				LastUpgradeCheck = 0940;
				ORGANIZATIONNAME = com.nbltrust;
				TargetAttributes = {
					737F8C422146539100DD522A = {
						CreatedOnToolsVersion = 9.4.1;
						LastSwiftMigration = 0940;
					};
					737F8C4B2146539100DD522A = {
						CreatedOnToolsVersion = 9.4.1;
					};
				};
			};
			buildConfigurationList = 737F8C3D2146539100DD522A /* Build configuration list for PBXProject "NBLCommonModule" */;
			compatibilityVersion = "Xcode 9.3";
			developmentRegion = en;
			hasScannedForEncodings = 0;
			knownRegions = (
				en,
			);
			mainGroup = 737F8C392146539100DD522A;
			productRefGroup = 737F8C442146539100DD522A /* Products */;
			projectDirPath = "";
			projectRoot = "";
			targets = (
				737F8C422146539100DD522A /* NBLCommonModule */,
				737F8C4B2146539100DD522A /* NBLCommonModuleTests */,
			);
		};
/* End PBXProject section */

/* Begin PBXResourcesBuildPhase section */
		737F8C412146539100DD522A /* Resources */ = {
			isa = PBXResourcesBuildPhase;
			buildActionMask = 2147483647;
			files = (
			);
			runOnlyForDeploymentPostprocessing = 0;
		};
		737F8C4A2146539100DD522A /* Resources */ = {
			isa = PBXResourcesBuildPhase;
			buildActionMask = 2147483647;
			files = (
			);
			runOnlyForDeploymentPostprocessing = 0;
		};
/* End PBXResourcesBuildPhase section */

/* Begin PBXShellScriptBuildPhase section */
		3A4617C82ED6E883E696F762 /* [CP] Check Pods Manifest.lock */ = {
			isa = PBXShellScriptBuildPhase;
			buildActionMask = 2147483647;
			files = (
			);
			inputPaths = (
				"${PODS_PODFILE_DIR_PATH}/Podfile.lock",
				"${PODS_ROOT}/Manifest.lock",
			);
			name = "[CP] Check Pods Manifest.lock";
			outputPaths = (
				"$(DERIVED_FILE_DIR)/Pods-NBLCommonModule-checkManifestLockResult.txt",
			);
			runOnlyForDeploymentPostprocessing = 0;
			shellPath = /bin/sh;
			shellScript = "diff \"${PODS_PODFILE_DIR_PATH}/Podfile.lock\" \"${PODS_ROOT}/Manifest.lock\" > /dev/null\nif [ $? != 0 ] ; then\n    # print error to STDERR\n    echo \"error: The sandbox is not in sync with the Podfile.lock. Run 'pod install' or update your CocoaPods installation.\" >&2\n    exit 1\nfi\n# This output is used by Xcode 'outputs' to avoid re-running this script phase.\necho \"SUCCESS\" > \"${SCRIPT_OUTPUT_FILE_0}\"\n";
			showEnvVarsInLog = 0;
		};
		7C225B4F83BA3A6F4A2C6F4F /* [CP] Embed Pods Frameworks */ = {
			isa = PBXShellScriptBuildPhase;
			buildActionMask = 2147483647;
			files = (
			);
			inputPaths = (
				"${SRCROOT}/Pods/Target Support Files/Pods-NBLCommonModuleTests/Pods-NBLCommonModuleTests-frameworks.sh",
				"${BUILT_PRODUCTS_DIR}/Repeat/Repeat.framework",
			);
			name = "[CP] Embed Pods Frameworks";
			outputPaths = (
				"${TARGET_BUILD_DIR}/${FRAMEWORKS_FOLDER_PATH}/Repeat.framework",
			);
			runOnlyForDeploymentPostprocessing = 0;
			shellPath = /bin/sh;
			shellScript = "\"${SRCROOT}/Pods/Target Support Files/Pods-NBLCommonModuleTests/Pods-NBLCommonModuleTests-frameworks.sh\"\n";
			showEnvVarsInLog = 0;
		};
		EEF9389808B0ADB1350E9031 /* [CP] Check Pods Manifest.lock */ = {
			isa = PBXShellScriptBuildPhase;
			buildActionMask = 2147483647;
			files = (
			);
			inputPaths = (
				"${PODS_PODFILE_DIR_PATH}/Podfile.lock",
				"${PODS_ROOT}/Manifest.lock",
			);
			name = "[CP] Check Pods Manifest.lock";
			outputPaths = (
				"$(DERIVED_FILE_DIR)/Pods-NBLCommonModuleTests-checkManifestLockResult.txt",
			);
			runOnlyForDeploymentPostprocessing = 0;
			shellPath = /bin/sh;
			shellScript = "diff \"${PODS_PODFILE_DIR_PATH}/Podfile.lock\" \"${PODS_ROOT}/Manifest.lock\" > /dev/null\nif [ $? != 0 ] ; then\n    # print error to STDERR\n    echo \"error: The sandbox is not in sync with the Podfile.lock. Run 'pod install' or update your CocoaPods installation.\" >&2\n    exit 1\nfi\n# This output is used by Xcode 'outputs' to avoid re-running this script phase.\necho \"SUCCESS\" > \"${SCRIPT_OUTPUT_FILE_0}\"\n";
			showEnvVarsInLog = 0;
		};
/* End PBXShellScriptBuildPhase section */

/* Begin PBXSourcesBuildPhase section */
		737F8C3E2146539100DD522A /* Sources */ = {
			isa = PBXSourcesBuildPhase;
			buildActionMask = 2147483647;
			files = (
				737F8C6C2146549100DD522A /* test.swift in Sources */,
			);
			runOnlyForDeploymentPostprocessing = 0;
		};
		737F8C482146539100DD522A /* Sources */ = {
			isa = PBXSourcesBuildPhase;
			buildActionMask = 2147483647;
			files = (
				737F8C522146539100DD522A /* NBLCommonModuleTests.swift in Sources */,
			);
			runOnlyForDeploymentPostprocessing = 0;
		};
/* End PBXSourcesBuildPhase section */

/* Begin PBXTargetDependency section */
		737F8C4F2146539100DD522A /* PBXTargetDependency */ = {
			isa = PBXTargetDependency;
			target = 737F8C422146539100DD522A /* NBLCommonModule */;
			targetProxy = 737F8C4E2146539100DD522A /* PBXContainerItemProxy */;
		};
/* End PBXTargetDependency section */

/* Begin XCBuildConfiguration section */
		737F8C552146539100DD522A /* Debug */ = {
			isa = XCBuildConfiguration;
			buildSettings = {
				ALWAYS_SEARCH_USER_PATHS = NO;
				CLANG_ANALYZER_NONNULL = YES;
				CLANG_ANALYZER_NUMBER_OBJECT_CONVERSION = YES_AGGRESSIVE;
				CLANG_CXX_LANGUAGE_STANDARD = "gnu++14";
				CLANG_CXX_LIBRARY = "libc++";
				CLANG_ENABLE_MODULES = YES;
				CLANG_ENABLE_OBJC_ARC = YES;
				CLANG_ENABLE_OBJC_WEAK = YES;
				CLANG_WARN_BLOCK_CAPTURE_AUTORELEASING = YES;
				CLANG_WARN_BOOL_CONVERSION = YES;
				CLANG_WARN_COMMA = YES;
				CLANG_WARN_CONSTANT_CONVERSION = YES;
				CLANG_WARN_DEPRECATED_OBJC_IMPLEMENTATIONS = YES;
				CLANG_WARN_DIRECT_OBJC_ISA_USAGE = YES_ERROR;
				CLANG_WARN_DOCUMENTATION_COMMENTS = YES;
				CLANG_WARN_EMPTY_BODY = YES;
				CLANG_WARN_ENUM_CONVERSION = YES;
				CLANG_WARN_INFINITE_RECURSION = YES;
				CLANG_WARN_INT_CONVERSION = YES;
				CLANG_WARN_NON_LITERAL_NULL_CONVERSION = YES;
				CLANG_WARN_OBJC_IMPLICIT_RETAIN_SELF = YES;
				CLANG_WARN_OBJC_LITERAL_CONVERSION = YES;
				CLANG_WARN_OBJC_ROOT_CLASS = YES_ERROR;
				CLANG_WARN_RANGE_LOOP_ANALYSIS = YES;
				CLANG_WARN_STRICT_PROTOTYPES = YES;
				CLANG_WARN_SUSPICIOUS_MOVE = YES;
				CLANG_WARN_UNGUARDED_AVAILABILITY = YES_AGGRESSIVE;
				CLANG_WARN_UNREACHABLE_CODE = YES;
				CLANG_WARN__DUPLICATE_METHOD_MATCH = YES;
				CODE_SIGN_IDENTITY = "iPhone Developer";
				COPY_PHASE_STRIP = NO;
				CURRENT_PROJECT_VERSION = 1;
				DEBUG_INFORMATION_FORMAT = dwarf;
				ENABLE_STRICT_OBJC_MSGSEND = YES;
				ENABLE_TESTABILITY = YES;
				GCC_C_LANGUAGE_STANDARD = gnu11;
				GCC_DYNAMIC_NO_PIC = NO;
				GCC_NO_COMMON_BLOCKS = YES;
				GCC_OPTIMIZATION_LEVEL = 0;
				GCC_PREPROCESSOR_DEFINITIONS = (
					"DEBUG=1",
					"$(inherited)",
				);
				GCC_WARN_64_TO_32_BIT_CONVERSION = YES;
				GCC_WARN_ABOUT_RETURN_TYPE = YES_ERROR;
				GCC_WARN_UNDECLARED_SELECTOR = YES;
				GCC_WARN_UNINITIALIZED_AUTOS = YES_AGGRESSIVE;
				GCC_WARN_UNUSED_FUNCTION = YES;
				GCC_WARN_UNUSED_VARIABLE = YES;
				IPHONEOS_DEPLOYMENT_TARGET = 9.0;
				MTL_ENABLE_DEBUG_INFO = YES;
				ONLY_ACTIVE_ARCH = YES;
				SDKROOT = iphoneos;
				SWIFT_ACTIVE_COMPILATION_CONDITIONS = DEBUG;
				SWIFT_OPTIMIZATION_LEVEL = "-Onone";
				VERSIONING_SYSTEM = "apple-generic";
				VERSION_INFO_PREFIX = "";
			};
			name = Debug;
		};
		737F8C562146539100DD522A /* Release */ = {
			isa = XCBuildConfiguration;
			buildSettings = {
				ALWAYS_SEARCH_USER_PATHS = NO;
				CLANG_ANALYZER_NONNULL = YES;
				CLANG_ANALYZER_NUMBER_OBJECT_CONVERSION = YES_AGGRESSIVE;
				CLANG_CXX_LANGUAGE_STANDARD = "gnu++14";
				CLANG_CXX_LIBRARY = "libc++";
				CLANG_ENABLE_MODULES = YES;
				CLANG_ENABLE_OBJC_ARC = YES;
				CLANG_ENABLE_OBJC_WEAK = YES;
				CLANG_WARN_BLOCK_CAPTURE_AUTORELEASING = YES;
				CLANG_WARN_BOOL_CONVERSION = YES;
				CLANG_WARN_COMMA = YES;
				CLANG_WARN_CONSTANT_CONVERSION = YES;
				CLANG_WARN_DEPRECATED_OBJC_IMPLEMENTATIONS = YES;
				CLANG_WARN_DIRECT_OBJC_ISA_USAGE = YES_ERROR;
				CLANG_WARN_DOCUMENTATION_COMMENTS = YES;
				CLANG_WARN_EMPTY_BODY = YES;
				CLANG_WARN_ENUM_CONVERSION = YES;
				CLANG_WARN_INFINITE_RECURSION = YES;
				CLANG_WARN_INT_CONVERSION = YES;
				CLANG_WARN_NON_LITERAL_NULL_CONVERSION = YES;
				CLANG_WARN_OBJC_IMPLICIT_RETAIN_SELF = YES;
				CLANG_WARN_OBJC_LITERAL_CONVERSION = YES;
				CLANG_WARN_OBJC_ROOT_CLASS = YES_ERROR;
				CLANG_WARN_RANGE_LOOP_ANALYSIS = YES;
				CLANG_WARN_STRICT_PROTOTYPES = YES;
				CLANG_WARN_SUSPICIOUS_MOVE = YES;
				CLANG_WARN_UNGUARDED_AVAILABILITY = YES_AGGRESSIVE;
				CLANG_WARN_UNREACHABLE_CODE = YES;
				CLANG_WARN__DUPLICATE_METHOD_MATCH = YES;
				CODE_SIGN_IDENTITY = "iPhone Developer";
				COPY_PHASE_STRIP = NO;
				CURRENT_PROJECT_VERSION = 1;
				DEBUG_INFORMATION_FORMAT = "dwarf-with-dsym";
				ENABLE_NS_ASSERTIONS = NO;
				ENABLE_STRICT_OBJC_MSGSEND = YES;
				GCC_C_LANGUAGE_STANDARD = gnu11;
				GCC_NO_COMMON_BLOCKS = YES;
				GCC_WARN_64_TO_32_BIT_CONVERSION = YES;
				GCC_WARN_ABOUT_RETURN_TYPE = YES_ERROR;
				GCC_WARN_UNDECLARED_SELECTOR = YES;
				GCC_WARN_UNINITIALIZED_AUTOS = YES_AGGRESSIVE;
				GCC_WARN_UNUSED_FUNCTION = YES;
				GCC_WARN_UNUSED_VARIABLE = YES;
				IPHONEOS_DEPLOYMENT_TARGET = 9.0;
				MTL_ENABLE_DEBUG_INFO = NO;
				SDKROOT = iphoneos;
				SWIFT_COMPILATION_MODE = wholemodule;
				SWIFT_OPTIMIZATION_LEVEL = "-O";
				VALIDATE_PRODUCT = YES;
				VERSIONING_SYSTEM = "apple-generic";
				VERSION_INFO_PREFIX = "";
			};
			name = Release;
		};
		737F8C582146539100DD522A /* Debug */ = {
			isa = XCBuildConfiguration;
			baseConfigurationReference = E017F79AB427E5C36E922DFF /* Pods-NBLCommonModule.debug.xcconfig */;
			buildSettings = {
				ALWAYS_EMBED_SWIFT_STANDARD_LIBRARIES = YES;
				CLANG_ENABLE_MODULES = YES;
				CODE_SIGN_IDENTITY = "";
				CODE_SIGN_STYLE = Automatic;
				DEFINES_MODULE = YES;
				DEVELOPMENT_TEAM = Z4LN46787D;
				DYLIB_COMPATIBILITY_VERSION = 1;
				DYLIB_CURRENT_VERSION = 1;
				DYLIB_INSTALL_NAME_BASE = "@rpath";
				INFOPLIST_FILE = NBLCommonModule/Info.plist;
				INSTALL_PATH = "$(LOCAL_LIBRARY_DIR)/Frameworks";
				LD_RUNPATH_SEARCH_PATHS = (
					"$(inherited)",
					"@executable_path/Frameworks",
					"@loader_path/Frameworks",
				);
				PRODUCT_BUNDLE_IDENTIFIER = com.nbltrust.NBLCommonModule;
				PRODUCT_NAME = "$(TARGET_NAME:c99extidentifier)";
				SKIP_INSTALL = YES;
				SWIFT_OPTIMIZATION_LEVEL = "-Onone";
				SWIFT_VERSION = 4.0;
				TARGETED_DEVICE_FAMILY = "1,2";
			};
			name = Debug;
		};
		737F8C592146539100DD522A /* Release */ = {
			isa = XCBuildConfiguration;
			baseConfigurationReference = 5320D04DE642E38951FCB778 /* Pods-NBLCommonModule.release.xcconfig */;
			buildSettings = {
				ALWAYS_EMBED_SWIFT_STANDARD_LIBRARIES = YES;
				CLANG_ENABLE_MODULES = YES;
				CODE_SIGN_IDENTITY = "";
				CODE_SIGN_STYLE = Automatic;
				DEFINES_MODULE = YES;
				DEVELOPMENT_TEAM = Z4LN46787D;
				DYLIB_COMPATIBILITY_VERSION = 1;
				DYLIB_CURRENT_VERSION = 1;
				DYLIB_INSTALL_NAME_BASE = "@rpath";
				INFOPLIST_FILE = NBLCommonModule/Info.plist;
				INSTALL_PATH = "$(LOCAL_LIBRARY_DIR)/Frameworks";
				LD_RUNPATH_SEARCH_PATHS = (
					"$(inherited)",
					"@executable_path/Frameworks",
					"@loader_path/Frameworks",
				);
				PRODUCT_BUNDLE_IDENTIFIER = com.nbltrust.NBLCommonModule;
				PRODUCT_NAME = "$(TARGET_NAME:c99extidentifier)";
				SKIP_INSTALL = YES;
				SWIFT_VERSION = 4.0;
				TARGETED_DEVICE_FAMILY = "1,2";
			};
			name = Release;
		};
		737F8C5B2146539100DD522A /* Debug */ = {
			isa = XCBuildConfiguration;
			baseConfigurationReference = 1520A88478688FF7D17695D4 /* Pods-NBLCommonModuleTests.debug.xcconfig */;
			buildSettings = {
				ALWAYS_EMBED_SWIFT_STANDARD_LIBRARIES = YES;
				CODE_SIGN_STYLE = Automatic;
				DEVELOPMENT_TEAM = Z4LN46787D;
				INFOPLIST_FILE = NBLCommonModuleTests/Info.plist;
				LD_RUNPATH_SEARCH_PATHS = (
					"$(inherited)",
					"@executable_path/Frameworks",
					"@loader_path/Frameworks",
				);
				PRODUCT_BUNDLE_IDENTIFIER = com.nbltrust.NBLCommonModuleTests;
				PRODUCT_NAME = "$(TARGET_NAME)";
				SWIFT_VERSION = 4.0;
				TARGETED_DEVICE_FAMILY = "1,2";
			};
			name = Debug;
		};
		737F8C5C2146539100DD522A /* Release */ = {
			isa = XCBuildConfiguration;
			baseConfigurationReference = 72A12AE4994973E95B7DAD9F /* Pods-NBLCommonModuleTests.release.xcconfig */;
			buildSettings = {
				ALWAYS_EMBED_SWIFT_STANDARD_LIBRARIES = YES;
				CODE_SIGN_STYLE = Automatic;
				DEVELOPMENT_TEAM = Z4LN46787D;
				INFOPLIST_FILE = NBLCommonModuleTests/Info.plist;
				LD_RUNPATH_SEARCH_PATHS = (
					"$(inherited)",
					"@executable_path/Frameworks",
					"@loader_path/Frameworks",
				);
				PRODUCT_BUNDLE_IDENTIFIER = com.nbltrust.NBLCommonModuleTests;
				PRODUCT_NAME = "$(TARGET_NAME)";
				SWIFT_VERSION = 4.0;
				TARGETED_DEVICE_FAMILY = "1,2";
			};
			name = Release;
		};
/* End XCBuildConfiguration section */

/* Begin XCConfigurationList section */
		737F8C3D2146539100DD522A /* Build configuration list for PBXProject "NBLCommonModule" */ = {
			isa = XCConfigurationList;
			buildConfigurations = (
				737F8C552146539100DD522A /* Debug */,
				737F8C562146539100DD522A /* Release */,
			);
			defaultConfigurationIsVisible = 0;
			defaultConfigurationName = Release;
		};
		737F8C572146539100DD522A /* Build configuration list for PBXNativeTarget "NBLCommonModule" */ = {
			isa = XCConfigurationList;
			buildConfigurations = (
				737F8C582146539100DD522A /* Debug */,
				737F8C592146539100DD522A /* Release */,
			);
			defaultConfigurationIsVisible = 0;
			defaultConfigurationName = Release;
		};
		737F8C5A2146539100DD522A /* Build configuration list for PBXNativeTarget "NBLCommonModuleTests" */ = {
			isa = XCConfigurationList;
			buildConfigurations = (
				737F8C5B2146539100DD522A /* Debug */,
				737F8C5C2146539100DD522A /* Release */,
			);
			defaultConfigurationIsVisible = 0;
			defaultConfigurationName = Release;
		};
/* End XCConfigurationList section */
	};
	rootObject = 737F8C3A2146539100DD522A /* Project object */;
}
